
Microsoft Visual Studio Solution File, Format Version 12.00
# Visual Studio 15
VisualStudioVersion = 15.0.28307.168
MinimumVisualStudioVersion = 10.0.40219.1
Project("{8BC9CEB8-8B4A-11D0-8D11-00A0C91BC942}") = "PracticeContests", "PracticeContests\PracticeContests.vcxproj", "{6F505161-9E7D-49E2-B9B3-B176DB0AC6BD}"
EndProject
Project("{8BC9CEB8-8B4A-11D0-8D11-00A0C91BC942}") = "2018USOpen_Bronze1", "2018USOpen_Bronze1\2018USOpen_Bronze1.vcxproj", "{A835CF69-7149-48F8-91BE-C55AB7EA19DA}"
EndProject
Project("{8BC9CEB8-8B4A-11D0-8D11-00A0C91BC942}") = "2018USOpen_Bronze1_FasterSolution", "2018USOpen_Bronze1_FasterSolution\2018USOpen_Bronze1_FasterSolution.vcxproj", "{C4284E63-9F37-457C-8113-D184CCD12F0C}"
EndProject
Project("{8BC9CEB8-8B4A-11D0-8D11-00A0C91BC942}") = "2018USOpen_Bronze2", "2018USOpen_Bronze2\2018USOpen_Bronze2.vcxproj", "{C2A9F425-90B5-49CE-896E-2DC194E7C5E8}"
EndProject
Project("{8BC9CEB8-8B4A-11D0-8D11-00A0C91BC942}") = "2018USOpen_Bronze3", "2018USOpen_Bronze3\2018USOpen_Bronze3.vcxproj", "{C5019B12-8186-47ED-A50C-0A35708B7151}"
EndProject
Project("{8BC9CEB8-8B4A-11D0-8D11-00A0C91BC942}") = "2018USOpen_Bronze3_FasterSolution", "2018USOpen_Bronze3_FasterSolution\2018USOpen_Bronze3_FasterSolution.vcxproj", "{E78E9ED6-895D-450C-B684-9F02BE085E6C}"
EndProject
Project("{8BC9CEB8-8B4A-11D0-8D11-00A0C91BC942}") = "2019Feb_Silver1", "2019Feb_Silver1\2019Feb_Silver1.vcxproj", "{38B89E0D-5528-4E81-8837-0A507FE5291B}"
EndProject
Project("{8BC9CEB8-8B4A-11D0-8D11-00A0C91BC942}") = "2019Feb_Silver2", "2019Feb_Silver2\2019Feb_Silver2.vcxproj", "{C6D43179-D1EE-4AE4-83B3-0961CDD608CB}"
EndProject
Project("{8BC9CEB8-8B4A-11D0-8D11-00A0C91BC942}") = "2019Feb_Silver3", "2019Feb_Silver3\2019Feb_Silver3.vcxproj", "{AB3782FA-BC18-4AC3-B0DC-F3ACE606E6EF}"
EndProject
Project("{8BC9CEB8-8B4A-11D0-8D11-00A0C91BC942}") = "2019Jan_Silver1", "2019Jan_Silver1\2019Jan_Silver1.vcxproj", "{A1DB9E6A-8A11-4C59-B2B8-6FE346220FD2}"
EndProject
Project("{8BC9CEB8-8B4A-11D0-8D11-00A0C91BC942}") = "2019Jan_Silver2", "2019Jan_Silver2\2019Jan_Silver2.vcxproj", "{D0EE0369-7F2C-49F2-8231-BEF666298F97}"
EndProject
Project("{8BC9CEB8-8B4A-11D0-8D11-00A0C91BC942}") = "2019Jan_Silver2_ExampleSolution", "2019Jan_Silver2_ExampleSol\2019Jan_Silver2_ExampleSol.vcxproj", "{006498FC-6134-4C3A-902B-B0EB39E6F192}"
EndProject
Project("{8BC9CEB8-8B4A-11D0-8D11-00A0C91BC942}") = "2019Jan_Silver3", "2019Jan_Silver3\2019Jan_Silver3.vcxproj", "{70A46A9F-730D-4ED7-AE5D-D81973B0B7A7}"
EndProject
Project("{8BC9CEB8-8B4A-11D0-8D11-00A0C91BC942}") = "2018Dec_Silver1", "2018Dec_Silver1\2018Dec_Silver1.vcxproj", "{28A59E6A-9B86-458F-B005-5922976A5C76}"
EndProject
Project("{8BC9CEB8-8B4A-11D0-8D11-00A0C91BC942}") = "2018Dec_Silver2", "2018Dec_Silver2\2018Dec_Silver2.vcxproj", "{489314A0-2827-4BAF-AF04-74AD4588C817}"
EndProject
Project("{8BC9CEB8-8B4A-11D0-8D11-00A0C91BC942}") = "2018Dec_Silver3", "2018Dec_Silver3\2018Dec_Silver3.vcxproj", "{8BD1FC0C-4220-4227-96CB-6897AA9F740C}"
EndProject
Project("{8BC9CEB8-8B4A-11D0-8D11-00A0C91BC942}") = "2017USOpen_Silver1", "2017USOpen_Silver1\2017USOpen_Silver1.vcxproj", "{6EBBE02A-44D7-4D90-91B1-158B5E494FC0}"
EndProject
Project("{8BC9CEB8-8B4A-11D0-8D11-00A0C91BC942}") = "2017USOpen_Silver2", "2017USOpen_Silver2\2017USOpen_Silver2.vcxproj", "{48098DDB-36C1-404C-914C-45CA8FF0B28C}"
EndProject
Global
	GlobalSection(SolutionConfigurationPlatforms) = preSolution
		Debug|x64 = Debug|x64
		Debug|x86 = Debug|x86
		Release|x64 = Release|x64
		Release|x86 = Release|x86
	EndGlobalSection
	GlobalSection(ProjectConfigurationPlatforms) = postSolution
		{6F505161-9E7D-49E2-B9B3-B176DB0AC6BD}.Debug|x64.ActiveCfg = Debug|x64
		{6F505161-9E7D-49E2-B9B3-B176DB0AC6BD}.Debug|x64.Build.0 = Debug|x64
		{6F505161-9E7D-49E2-B9B3-B176DB0AC6BD}.Debug|x86.ActiveCfg = Debug|Win32
		{6F505161-9E7D-49E2-B9B3-B176DB0AC6BD}.Debug|x86.Build.0 = Debug|Win32
		{6F505161-9E7D-49E2-B9B3-B176DB0AC6BD}.Release|x64.ActiveCfg = Release|x64
		{6F505161-9E7D-49E2-B9B3-B176DB0AC6BD}.Release|x64.Build.0 = Release|x64
		{6F505161-9E7D-49E2-B9B3-B176DB0AC6BD}.Release|x86.ActiveCfg = Release|Win32
		{6F505161-9E7D-49E2-B9B3-B176DB0AC6BD}.Release|x86.Build.0 = Release|Win32
		{A835CF69-7149-48F8-91BE-C55AB7EA19DA}.Debug|x64.ActiveCfg = Debug|x64
		{A835CF69-7149-48F8-91BE-C55AB7EA19DA}.Debug|x64.Build.0 = Debug|x64
		{A835CF69-7149-48F8-91BE-C55AB7EA19DA}.Debug|x86.ActiveCfg = Debug|Win32
		{A835CF69-7149-48F8-91BE-C55AB7EA19DA}.Debug|x86.Build.0 = Debug|Win32
		{A835CF69-7149-48F8-91BE-C55AB7EA19DA}.Release|x64.ActiveCfg = Release|x64
		{A835CF69-7149-48F8-91BE-C55AB7EA19DA}.Release|x64.Build.0 = Release|x64
		{A835CF69-7149-48F8-91BE-C55AB7EA19DA}.Release|x86.ActiveCfg = Release|Win32
		{A835CF69-7149-48F8-91BE-C55AB7EA19DA}.Release|x86.Build.0 = Release|Win32
		{C4284E63-9F37-457C-8113-D184CCD12F0C}.Debug|x64.ActiveCfg = Debug|x64
		{C4284E63-9F37-457C-8113-D184CCD12F0C}.Debug|x64.Build.0 = Debug|x64
		{C4284E63-9F37-457C-8113-D184CCD12F0C}.Debug|x86.ActiveCfg = Debug|Win32
		{C4284E63-9F37-457C-8113-D184CCD12F0C}.Debug|x86.Build.0 = Debug|Win32
		{C4284E63-9F37-457C-8113-D184CCD12F0C}.Release|x64.ActiveCfg = Release|x64
		{C4284E63-9F37-457C-8113-D184CCD12F0C}.Release|x64.Build.0 = Release|x64
		{C4284E63-9F37-457C-8113-D184CCD12F0C}.Release|x86.ActiveCfg = Release|Win32
		{C4284E63-9F37-457C-8113-D184CCD12F0C}.Release|x86.Build.0 = Release|Win32
		{C2A9F425-90B5-49CE-896E-2DC194E7C5E8}.Debug|x64.ActiveCfg = Debug|x64
		{C2A9F425-90B5-49CE-896E-2DC194E7C5E8}.Debug|x64.Build.0 = Debug|x64
		{C2A9F425-90B5-49CE-896E-2DC194E7C5E8}.Debug|x86.ActiveCfg = Debug|Win32
		{C2A9F425-90B5-49CE-896E-2DC194E7C5E8}.Debug|x86.Build.0 = Debug|Win32
		{C2A9F425-90B5-49CE-896E-2DC194E7C5E8}.Release|x64.ActiveCfg = Release|x64
		{C2A9F425-90B5-49CE-896E-2DC194E7C5E8}.Release|x64.Build.0 = Release|x64
		{C2A9F425-90B5-49CE-896E-2DC194E7C5E8}.Release|x86.ActiveCfg = Release|Win32
		{C2A9F425-90B5-49CE-896E-2DC194E7C5E8}.Release|x86.Build.0 = Release|Win32
		{C5019B12-8186-47ED-A50C-0A35708B7151}.Debug|x64.ActiveCfg = Debug|x64
		{C5019B12-8186-47ED-A50C-0A35708B7151}.Debug|x64.Build.0 = Debug|x64
		{C5019B12-8186-47ED-A50C-0A35708B7151}.Debug|x86.ActiveCfg = Debug|Win32
		{C5019B12-8186-47ED-A50C-0A35708B7151}.Debug|x86.Build.0 = Debug|Win32
		{C5019B12-8186-47ED-A50C-0A35708B7151}.Release|x64.ActiveCfg = Release|x64
		{C5019B12-8186-47ED-A50C-0A35708B7151}.Release|x64.Build.0 = Release|x64
		{C5019B12-8186-47ED-A50C-0A35708B7151}.Release|x86.ActiveCfg = Release|Win32
		{C5019B12-8186-47ED-A50C-0A35708B7151}.Release|x86.Build.0 = Release|Win32
		{E78E9ED6-895D-450C-B684-9F02BE085E6C}.Debug|x64.ActiveCfg = Debug|x64
		{E78E9ED6-895D-450C-B684-9F02BE085E6C}.Debug|x64.Build.0 = Debug|x64
		{E78E9ED6-895D-450C-B684-9F02BE085E6C}.Debug|x86.ActiveCfg = Debug|Win32
		{E78E9ED6-895D-450C-B684-9F02BE085E6C}.Debug|x86.Build.0 = Debug|Win32
		{E78E9ED6-895D-450C-B684-9F02BE085E6C}.Release|x64.ActiveCfg = Release|x64
		{E78E9ED6-895D-450C-B684-9F02BE085E6C}.Release|x64.Build.0 = Release|x64
		{E78E9ED6-895D-450C-B684-9F02BE085E6C}.Release|x86.ActiveCfg = Release|Win32
		{E78E9ED6-895D-450C-B684-9F02BE085E6C}.Release|x86.Build.0 = Release|Win32
		{38B89E0D-5528-4E81-8837-0A507FE5291B}.Debug|x64.ActiveCfg = Debug|x64
		{38B89E0D-5528-4E81-8837-0A507FE5291B}.Debug|x64.Build.0 = Debug|x64
		{38B89E0D-5528-4E81-8837-0A507FE5291B}.Debug|x86.ActiveCfg = Debug|Win32
		{38B89E0D-5528-4E81-8837-0A507FE5291B}.Debug|x86.Build.0 = Debug|Win32
		{38B89E0D-5528-4E81-8837-0A507FE5291B}.Release|x64.ActiveCfg = Release|x64
		{38B89E0D-5528-4E81-8837-0A507FE5291B}.Release|x64.Build.0 = Release|x64
		{38B89E0D-5528-4E81-8837-0A507FE5291B}.Release|x86.ActiveCfg = Release|Win32
		{38B89E0D-5528-4E81-8837-0A507FE5291B}.Release|x86.Build.0 = Release|Win32
		{C6D43179-D1EE-4AE4-83B3-0961CDD608CB}.Debug|x64.ActiveCfg = Debug|x64
		{C6D43179-D1EE-4AE4-83B3-0961CDD608CB}.Debug|x64.Build.0 = Debug|x64
		{C6D43179-D1EE-4AE4-83B3-0961CDD608CB}.Debug|x86.ActiveCfg = Debug|Win32
		{C6D43179-D1EE-4AE4-83B3-0961CDD608CB}.Debug|x86.Build.0 = Debug|Win32
		{C6D43179-D1EE-4AE4-83B3-0961CDD608CB}.Release|x64.ActiveCfg = Release|x64
		{C6D43179-D1EE-4AE4-83B3-0961CDD608CB}.Release|x64.Build.0 = Release|x64
		{C6D43179-D1EE-4AE4-83B3-0961CDD608CB}.Release|x86.ActiveCfg = Release|Win32
		{C6D43179-D1EE-4AE4-83B3-0961CDD608CB}.Release|x86.Build.0 = Release|Win32
		{AB3782FA-BC18-4AC3-B0DC-F3ACE606E6EF}.Debug|x64.ActiveCfg = Debug|x64
		{AB3782FA-BC18-4AC3-B0DC-F3ACE606E6EF}.Debug|x64.Build.0 = Debug|x64
		{AB3782FA-BC18-4AC3-B0DC-F3ACE606E6EF}.Debug|x86.ActiveCfg = Debug|Win32
		{AB3782FA-BC18-4AC3-B0DC-F3ACE606E6EF}.Debug|x86.Build.0 = Debug|Win32
		{AB3782FA-BC18-4AC3-B0DC-F3ACE606E6EF}.Release|x64.ActiveCfg = Release|x64
		{AB3782FA-BC18-4AC3-B0DC-F3ACE606E6EF}.Release|x64.Build.0 = Release|x64
		{AB3782FA-BC18-4AC3-B0DC-F3ACE606E6EF}.Release|x86.ActiveCfg = Release|Win32
		{AB3782FA-BC18-4AC3-B0DC-F3ACE606E6EF}.Release|x86.Build.0 = Release|Win32
		{A1DB9E6A-8A11-4C59-B2B8-6FE346220FD2}.Debug|x64.ActiveCfg = Debug|x64
		{A1DB9E6A-8A11-4C59-B2B8-6FE346220FD2}.Debug|x64.Build.0 = Debug|x64
		{A1DB9E6A-8A11-4C59-B2B8-6FE346220FD2}.Debug|x86.ActiveCfg = Debug|Win32
		{A1DB9E6A-8A11-4C59-B2B8-6FE346220FD2}.Debug|x86.Build.0 = Debug|Win32
		{A1DB9E6A-8A11-4C59-B2B8-6FE346220FD2}.Release|x64.ActiveCfg = Release|x64
		{A1DB9E6A-8A11-4C59-B2B8-6FE346220FD2}.Release|x64.Build.0 = Release|x64
		{A1DB9E6A-8A11-4C59-B2B8-6FE346220FD2}.Release|x86.ActiveCfg = Release|Win32
		{A1DB9E6A-8A11-4C59-B2B8-6FE346220FD2}.Release|x86.Build.0 = Release|Win32
		{D0EE0369-7F2C-49F2-8231-BEF666298F97}.Debug|x64.ActiveCfg = Debug|x64
		{D0EE0369-7F2C-49F2-8231-BEF666298F97}.Debug|x64.Build.0 = Debug|x64
		{D0EE0369-7F2C-49F2-8231-BEF666298F97}.Debug|x86.ActiveCfg = Debug|Win32
		{D0EE0369-7F2C-49F2-8231-BEF666298F97}.Debug|x86.Build.0 = Debug|Win32
		{D0EE0369-7F2C-49F2-8231-BEF666298F97}.Release|x64.ActiveCfg = Release|x64
		{D0EE0369-7F2C-49F2-8231-BEF666298F97}.Release|x64.Build.0 = Release|x64
		{D0EE0369-7F2C-49F2-8231-BEF666298F97}.Release|x86.ActiveCfg = Release|Win32
		{D0EE0369-7F2C-49F2-8231-BEF666298F97}.Release|x86.Build.0 = Release|Win32
		{006498FC-6134-4C3A-902B-B0EB39E6F192}.Debug|x64.ActiveCfg = Debug|x64
		{006498FC-6134-4C3A-902B-B0EB39E6F192}.Debug|x64.Build.0 = Debug|x64
		{006498FC-6134-4C3A-902B-B0EB39E6F192}.Debug|x86.ActiveCfg = Debug|Win32
		{006498FC-6134-4C3A-902B-B0EB39E6F192}.Debug|x86.Build.0 = Debug|Win32
		{006498FC-6134-4C3A-902B-B0EB39E6F192}.Release|x64.ActiveCfg = Release|x64
		{006498FC-6134-4C3A-902B-B0EB39E6F192}.Release|x64.Build.0 = Release|x64
		{006498FC-6134-4C3A-902B-B0EB39E6F192}.Release|x86.ActiveCfg = Release|Win32
		{006498FC-6134-4C3A-902B-B0EB39E6F192}.Release|x86.Build.0 = Release|Win32
		{70A46A9F-730D-4ED7-AE5D-D81973B0B7A7}.Debug|x64.ActiveCfg = Debug|x64
		{70A46A9F-730D-4ED7-AE5D-D81973B0B7A7}.Debug|x64.Build.0 = Debug|x64
		{70A46A9F-730D-4ED7-AE5D-D81973B0B7A7}.Debug|x86.ActiveCfg = Debug|Win32
		{70A46A9F-730D-4ED7-AE5D-D81973B0B7A7}.Debug|x86.Build.0 = Debug|Win32
		{70A46A9F-730D-4ED7-AE5D-D81973B0B7A7}.Release|x64.ActiveCfg = Release|x64
		{70A46A9F-730D-4ED7-AE5D-D81973B0B7A7}.Release|x64.Build.0 = Release|x64
		{70A46A9F-730D-4ED7-AE5D-D81973B0B7A7}.Release|x86.ActiveCfg = Release|Win32
		{70A46A9F-730D-4ED7-AE5D-D81973B0B7A7}.Release|x86.Build.0 = Release|Win32
		{28A59E6A-9B86-458F-B005-5922976A5C76}.Debug|x64.ActiveCfg = Debug|x64
		{28A59E6A-9B86-458F-B005-5922976A5C76}.Debug|x64.Build.0 = Debug|x64
		{28A59E6A-9B86-458F-B005-5922976A5C76}.Debug|x86.ActiveCfg = Debug|Win32
		{28A59E6A-9B86-458F-B005-5922976A5C76}.Debug|x86.Build.0 = Debug|Win32
		{28A59E6A-9B86-458F-B005-5922976A5C76}.Release|x64.ActiveCfg = Release|x64
		{28A59E6A-9B86-458F-B005-5922976A5C76}.Release|x64.Build.0 = Release|x64
		{28A59E6A-9B86-458F-B005-5922976A5C76}.Release|x86.ActiveCfg = Release|Win32
		{28A59E6A-9B86-458F-B005-5922976A5C76}.Release|x86.Build.0 = Release|Win32
		{489314A0-2827-4BAF-AF04-74AD4588C817}.Debug|x64.ActiveCfg = Debug|x64
		{489314A0-2827-4BAF-AF04-74AD4588C817}.Debug|x64.Build.0 = Debug|x64
		{489314A0-2827-4BAF-AF04-74AD4588C817}.Debug|x86.ActiveCfg = Debug|Win32
		{489314A0-2827-4BAF-AF04-74AD4588C817}.Debug|x86.Build.0 = Debug|Win32
		{489314A0-2827-4BAF-AF04-74AD4588C817}.Release|x64.ActiveCfg = Release|x64
		{489314A0-2827-4BAF-AF04-74AD4588C817}.Release|x64.Build.0 = Release|x64
		{489314A0-2827-4BAF-AF04-74AD4588C817}.Release|x86.ActiveCfg = Release|Win32
		{489314A0-2827-4BAF-AF04-74AD4588C817}.Release|x86.Build.0 = Release|Win32
		{8BD1FC0C-4220-4227-96CB-6897AA9F740C}.Debug|x64.ActiveCfg = Debug|x64
		{8BD1FC0C-4220-4227-96CB-6897AA9F740C}.Debug|x64.Build.0 = Debug|x64
		{8BD1FC0C-4220-4227-96CB-6897AA9F740C}.Debug|x86.ActiveCfg = Debug|Win32
		{8BD1FC0C-4220-4227-96CB-6897AA9F740C}.Debug|x86.Build.0 = Debug|Win32
		{8BD1FC0C-4220-4227-96CB-6897AA9F740C}.Release|x64.ActiveCfg = Release|x64
		{8BD1FC0C-4220-4227-96CB-6897AA9F740C}.Release|x64.Build.0 = Release|x64
		{8BD1FC0C-4220-4227-96CB-6897AA9F740C}.Release|x86.ActiveCfg = Release|Win32
		{8BD1FC0C-4220-4227-96CB-6897AA9F740C}.Release|x86.Build.0 = Release|Win32
		{6EBBE02A-44D7-4D90-91B1-158B5E494FC0}.Debug|x64.ActiveCfg = Debug|x64
		{6EBBE02A-44D7-4D90-91B1-158B5E494FC0}.Debug|x64.Build.0 = Debug|x64
		{6EBBE02A-44D7-4D90-91B1-158B5E494FC0}.Debug|x86.ActiveCfg = Debug|Win32
		{6EBBE02A-44D7-4D90-91B1-158B5E494FC0}.Debug|x86.Build.0 = Debug|Win32
		{6EBBE02A-44D7-4D90-91B1-158B5E494FC0}.Release|x64.ActiveCfg = Release|x64
		{6EBBE02A-44D7-4D90-91B1-158B5E494FC0}.Release|x64.Build.0 = Release|x64
		{6EBBE02A-44D7-4D90-91B1-158B5E494FC0}.Release|x86.ActiveCfg = Release|Win32
		{6EBBE02A-44D7-4D90-91B1-158B5E494FC0}.Release|x86.Build.0 = Release|Win32
		{48098DDB-36C1-404C-914C-45CA8FF0B28C}.Debug|x64.ActiveCfg = Debug|x64
		{48098DDB-36C1-404C-914C-45CA8FF0B28C}.Debug|x64.Build.0 = Debug|x64
		{48098DDB-36C1-404C-914C-45CA8FF0B28C}.Debug|x86.ActiveCfg = Debug|Win32
		{48098DDB-36C1-404C-914C-45CA8FF0B28C}.Debug|x86.Build.0 = Debug|Win32
		{48098DDB-36C1-404C-914C-45CA8FF0B28C}.Release|x64.ActiveCfg = Release|x64
		{48098DDB-36C1-404C-914C-45CA8FF0B28C}.Release|x64.Build.0 = Release|x64
		{48098DDB-36C1-404C-914C-45CA8FF0B28C}.Release|x86.ActiveCfg = Release|Win32
		{48098DDB-36C1-404C-914C-45CA8FF0B28C}.Release|x86.Build.0 = Release|Win32
	EndGlobalSection
	GlobalSection(SolutionProperties) = preSolution
		HideSolutionNode = FALSE
	EndGlobalSection
	GlobalSection(ExtensibilityGlobals) = postSolution
		SolutionGuid = {396BFF68-1FAF-43BF-ACBC-117E31E667A3}
	EndGlobalSection
EndGlobal
