
Microsoft Visual Studio Solution File, Format Version 12.00
# Visual Studio 15
VisualStudioVersion = 15.0.28307.168
MinimumVisualStudioVersion = 10.0.40219.1
Project("{8BC9CEB8-8B4A-11D0-8D11-00A0C91BC942}") = "USACOPractice", "USACOPractice\USACOPractice.vcxproj", "{8C435416-6DD8-47CD-A336-DE3EB8AE8A8B}"
EndProject
Project("{8BC9CEB8-8B4A-11D0-8D11-00A0C91BC942}") = "Ch1.2_ride", "Ch1_ride\Ch1_ride.vcxproj", "{5EFD3020-CCF8-47E8-847D-433E33E5F0B3}"
EndProject
Project("{8BC9CEB8-8B4A-11D0-8D11-00A0C91BC942}") = "Ch1.3_milk2", "Ch1_milk2\Ch1_milk2.vcxproj", "{3EA14F4C-07AD-4440-B5AD-56FCF8E8719F}"
EndProject
Project("{8BC9CEB8-8B4A-11D0-8D11-00A0C91BC942}") = "Ch1.2_gift1", "Ch1_gift1\Ch1_gift1.vcxproj", "{3C64BC0B-5F41-49B0-9B87-4E6FD2B3D3F1}"
EndProject
Project("{8BC9CEB8-8B4A-11D0-8D11-00A0C91BC942}") = "Ch1.2_friday", "Ch1_friday\Ch1_friday.vcxproj", "{2D671530-46EE-4489-9D8F-A9FB952AF5C7}"
EndProject
Project("{8BC9CEB8-8B4A-11D0-8D11-00A0C91BC942}") = "Ch1.2_beads", "Ch1_beads\Ch1_beads.vcxproj", "{1495600F-4278-43ED-91DE-68B69257F8D6}"
EndProject
Project("{8BC9CEB8-8B4A-11D0-8D11-00A0C91BC942}") = "Ch1.3_transform", "Ch1_transform\Ch1_transform.vcxproj", "{AB0F7ECA-A681-44C0-80C5-AC0297577EFE}"
EndProject
Project("{8BC9CEB8-8B4A-11D0-8D11-00A0C91BC942}") = "Ch1.3_namenum", "Ch1_namenum\Ch1_namenum.vcxproj", "{1D3C2B4C-7F29-421A-8765-024566C0B37A}"
EndProject
Project("{8BC9CEB8-8B4A-11D0-8D11-00A0C91BC942}") = "Ch1.3_namenum_old", "Ch1_namenum_old\Ch1_namenum_old.vcxproj", "{AE9C2840-3BAA-431F-80E4-F79DB27D46B3}"
EndProject
Project("{8BC9CEB8-8B4A-11D0-8D11-00A0C91BC942}") = "Ch1.3_palsquare", "Ch1_palsquare\Ch1_palsquare.vcxproj", "{789A033E-CEC1-467F-BC9D-066323F1255D}"
EndProject
Project("{8BC9CEB8-8B4A-11D0-8D11-00A0C91BC942}") = "Ch1.3_dualpal", "Ch1_dualpal\Ch1_dualpal.vcxproj", "{E2AB485C-6FD5-40BF-B452-2013B0EF75AC}"
EndProject
Project("{8BC9CEB8-8B4A-11D0-8D11-00A0C91BC942}") = "Ch1.4_milk", "Ch1.4_milk\Ch1.4_milk.vcxproj", "{5BC09D03-4379-46AE-A929-ACB3DA130677}"
EndProject
Global
	GlobalSection(SolutionConfigurationPlatforms) = preSolution
		Debug|x64 = Debug|x64
		Debug|x86 = Debug|x86
		Release|x64 = Release|x64
		Release|x86 = Release|x86
	EndGlobalSection
	GlobalSection(ProjectConfigurationPlatforms) = postSolution
		{8C435416-6DD8-47CD-A336-DE3EB8AE8A8B}.Debug|x64.ActiveCfg = Debug|x64
		{8C435416-6DD8-47CD-A336-DE3EB8AE8A8B}.Debug|x64.Build.0 = Debug|x64
		{8C435416-6DD8-47CD-A336-DE3EB8AE8A8B}.Debug|x86.ActiveCfg = Debug|Win32
		{8C435416-6DD8-47CD-A336-DE3EB8AE8A8B}.Debug|x86.Build.0 = Debug|Win32
		{8C435416-6DD8-47CD-A336-DE3EB8AE8A8B}.Release|x64.ActiveCfg = Release|x64
		{8C435416-6DD8-47CD-A336-DE3EB8AE8A8B}.Release|x64.Build.0 = Release|x64
		{8C435416-6DD8-47CD-A336-DE3EB8AE8A8B}.Release|x86.ActiveCfg = Release|Win32
		{8C435416-6DD8-47CD-A336-DE3EB8AE8A8B}.Release|x86.Build.0 = Release|Win32
		{5EFD3020-CCF8-47E8-847D-433E33E5F0B3}.Debug|x64.ActiveCfg = Debug|x64
		{5EFD3020-CCF8-47E8-847D-433E33E5F0B3}.Debug|x64.Build.0 = Debug|x64
		{5EFD3020-CCF8-47E8-847D-433E33E5F0B3}.Debug|x86.ActiveCfg = Debug|Win32
		{5EFD3020-CCF8-47E8-847D-433E33E5F0B3}.Debug|x86.Build.0 = Debug|Win32
		{5EFD3020-CCF8-47E8-847D-433E33E5F0B3}.Release|x64.ActiveCfg = Release|x64
		{5EFD3020-CCF8-47E8-847D-433E33E5F0B3}.Release|x64.Build.0 = Release|x64
		{5EFD3020-CCF8-47E8-847D-433E33E5F0B3}.Release|x86.ActiveCfg = Release|Win32
		{5EFD3020-CCF8-47E8-847D-433E33E5F0B3}.Release|x86.Build.0 = Release|Win32
		{3EA14F4C-07AD-4440-B5AD-56FCF8E8719F}.Debug|x64.ActiveCfg = Debug|x64
		{3EA14F4C-07AD-4440-B5AD-56FCF8E8719F}.Debug|x64.Build.0 = Debug|x64
		{3EA14F4C-07AD-4440-B5AD-56FCF8E8719F}.Debug|x86.ActiveCfg = Debug|Win32
		{3EA14F4C-07AD-4440-B5AD-56FCF8E8719F}.Debug|x86.Build.0 = Debug|Win32
		{3EA14F4C-07AD-4440-B5AD-56FCF8E8719F}.Release|x64.ActiveCfg = Release|x64
		{3EA14F4C-07AD-4440-B5AD-56FCF8E8719F}.Release|x64.Build.0 = Release|x64
		{3EA14F4C-07AD-4440-B5AD-56FCF8E8719F}.Release|x86.ActiveCfg = Release|Win32
		{3EA14F4C-07AD-4440-B5AD-56FCF8E8719F}.Release|x86.Build.0 = Release|Win32
		{3C64BC0B-5F41-49B0-9B87-4E6FD2B3D3F1}.Debug|x64.ActiveCfg = Debug|x64
		{3C64BC0B-5F41-49B0-9B87-4E6FD2B3D3F1}.Debug|x64.Build.0 = Debug|x64
		{3C64BC0B-5F41-49B0-9B87-4E6FD2B3D3F1}.Debug|x86.ActiveCfg = Debug|Win32
		{3C64BC0B-5F41-49B0-9B87-4E6FD2B3D3F1}.Debug|x86.Build.0 = Debug|Win32
		{3C64BC0B-5F41-49B0-9B87-4E6FD2B3D3F1}.Release|x64.ActiveCfg = Release|x64
		{3C64BC0B-5F41-49B0-9B87-4E6FD2B3D3F1}.Release|x64.Build.0 = Release|x64
		{3C64BC0B-5F41-49B0-9B87-4E6FD2B3D3F1}.Release|x86.ActiveCfg = Release|Win32
		{3C64BC0B-5F41-49B0-9B87-4E6FD2B3D3F1}.Release|x86.Build.0 = Release|Win32
		{2D671530-46EE-4489-9D8F-A9FB952AF5C7}.Debug|x64.ActiveCfg = Debug|x64
		{2D671530-46EE-4489-9D8F-A9FB952AF5C7}.Debug|x64.Build.0 = Debug|x64
		{2D671530-46EE-4489-9D8F-A9FB952AF5C7}.Debug|x86.ActiveCfg = Debug|Win32
		{2D671530-46EE-4489-9D8F-A9FB952AF5C7}.Debug|x86.Build.0 = Debug|Win32
		{2D671530-46EE-4489-9D8F-A9FB952AF5C7}.Release|x64.ActiveCfg = Release|x64
		{2D671530-46EE-4489-9D8F-A9FB952AF5C7}.Release|x64.Build.0 = Release|x64
		{2D671530-46EE-4489-9D8F-A9FB952AF5C7}.Release|x86.ActiveCfg = Release|Win32
		{2D671530-46EE-4489-9D8F-A9FB952AF5C7}.Release|x86.Build.0 = Release|Win32
		{1495600F-4278-43ED-91DE-68B69257F8D6}.Debug|x64.ActiveCfg = Debug|x64
		{1495600F-4278-43ED-91DE-68B69257F8D6}.Debug|x64.Build.0 = Debug|x64
		{1495600F-4278-43ED-91DE-68B69257F8D6}.Debug|x86.ActiveCfg = Debug|Win32
		{1495600F-4278-43ED-91DE-68B69257F8D6}.Debug|x86.Build.0 = Debug|Win32
		{1495600F-4278-43ED-91DE-68B69257F8D6}.Release|x64.ActiveCfg = Release|x64
		{1495600F-4278-43ED-91DE-68B69257F8D6}.Release|x64.Build.0 = Release|x64
		{1495600F-4278-43ED-91DE-68B69257F8D6}.Release|x86.ActiveCfg = Release|Win32
		{1495600F-4278-43ED-91DE-68B69257F8D6}.Release|x86.Build.0 = Release|Win32
		{AB0F7ECA-A681-44C0-80C5-AC0297577EFE}.Debug|x64.ActiveCfg = Debug|x64
		{AB0F7ECA-A681-44C0-80C5-AC0297577EFE}.Debug|x64.Build.0 = Debug|x64
		{AB0F7ECA-A681-44C0-80C5-AC0297577EFE}.Debug|x86.ActiveCfg = Debug|Win32
		{AB0F7ECA-A681-44C0-80C5-AC0297577EFE}.Debug|x86.Build.0 = Debug|Win32
		{AB0F7ECA-A681-44C0-80C5-AC0297577EFE}.Release|x64.ActiveCfg = Release|x64
		{AB0F7ECA-A681-44C0-80C5-AC0297577EFE}.Release|x64.Build.0 = Release|x64
		{AB0F7ECA-A681-44C0-80C5-AC0297577EFE}.Release|x86.ActiveCfg = Release|Win32
		{AB0F7ECA-A681-44C0-80C5-AC0297577EFE}.Release|x86.Build.0 = Release|Win32
		{1D3C2B4C-7F29-421A-8765-024566C0B37A}.Debug|x64.ActiveCfg = Debug|x64
		{1D3C2B4C-7F29-421A-8765-024566C0B37A}.Debug|x64.Build.0 = Debug|x64
		{1D3C2B4C-7F29-421A-8765-024566C0B37A}.Debug|x86.ActiveCfg = Debug|Win32
		{1D3C2B4C-7F29-421A-8765-024566C0B37A}.Debug|x86.Build.0 = Debug|Win32
		{1D3C2B4C-7F29-421A-8765-024566C0B37A}.Release|x64.ActiveCfg = Release|x64
		{1D3C2B4C-7F29-421A-8765-024566C0B37A}.Release|x64.Build.0 = Release|x64
		{1D3C2B4C-7F29-421A-8765-024566C0B37A}.Release|x86.ActiveCfg = Release|Win32
		{1D3C2B4C-7F29-421A-8765-024566C0B37A}.Release|x86.Build.0 = Release|Win32
		{AE9C2840-3BAA-431F-80E4-F79DB27D46B3}.Debug|x64.ActiveCfg = Debug|x64
		{AE9C2840-3BAA-431F-80E4-F79DB27D46B3}.Debug|x64.Build.0 = Debug|x64
		{AE9C2840-3BAA-431F-80E4-F79DB27D46B3}.Debug|x86.ActiveCfg = Debug|Win32
		{AE9C2840-3BAA-431F-80E4-F79DB27D46B3}.Debug|x86.Build.0 = Debug|Win32
		{AE9C2840-3BAA-431F-80E4-F79DB27D46B3}.Release|x64.ActiveCfg = Release|x64
		{AE9C2840-3BAA-431F-80E4-F79DB27D46B3}.Release|x64.Build.0 = Release|x64
		{AE9C2840-3BAA-431F-80E4-F79DB27D46B3}.Release|x86.ActiveCfg = Release|Win32
		{AE9C2840-3BAA-431F-80E4-F79DB27D46B3}.Release|x86.Build.0 = Release|Win32
		{789A033E-CEC1-467F-BC9D-066323F1255D}.Debug|x64.ActiveCfg = Debug|x64
		{789A033E-CEC1-467F-BC9D-066323F1255D}.Debug|x64.Build.0 = Debug|x64
		{789A033E-CEC1-467F-BC9D-066323F1255D}.Debug|x86.ActiveCfg = Debug|Win32
		{789A033E-CEC1-467F-BC9D-066323F1255D}.Debug|x86.Build.0 = Debug|Win32
		{789A033E-CEC1-467F-BC9D-066323F1255D}.Release|x64.ActiveCfg = Release|x64
		{789A033E-CEC1-467F-BC9D-066323F1255D}.Release|x64.Build.0 = Release|x64
		{789A033E-CEC1-467F-BC9D-066323F1255D}.Release|x86.ActiveCfg = Release|Win32
		{789A033E-CEC1-467F-BC9D-066323F1255D}.Release|x86.Build.0 = Release|Win32
		{E2AB485C-6FD5-40BF-B452-2013B0EF75AC}.Debug|x64.ActiveCfg = Debug|x64
		{E2AB485C-6FD5-40BF-B452-2013B0EF75AC}.Debug|x64.Build.0 = Debug|x64
		{E2AB485C-6FD5-40BF-B452-2013B0EF75AC}.Debug|x86.ActiveCfg = Debug|Win32
		{E2AB485C-6FD5-40BF-B452-2013B0EF75AC}.Debug|x86.Build.0 = Debug|Win32
		{E2AB485C-6FD5-40BF-B452-2013B0EF75AC}.Release|x64.ActiveCfg = Release|x64
		{E2AB485C-6FD5-40BF-B452-2013B0EF75AC}.Release|x64.Build.0 = Release|x64
		{E2AB485C-6FD5-40BF-B452-2013B0EF75AC}.Release|x86.ActiveCfg = Release|Win32
		{E2AB485C-6FD5-40BF-B452-2013B0EF75AC}.Release|x86.Build.0 = Release|Win32
		{5BC09D03-4379-46AE-A929-ACB3DA130677}.Debug|x64.ActiveCfg = Debug|x64
		{5BC09D03-4379-46AE-A929-ACB3DA130677}.Debug|x64.Build.0 = Debug|x64
		{5BC09D03-4379-46AE-A929-ACB3DA130677}.Debug|x86.ActiveCfg = Debug|Win32
		{5BC09D03-4379-46AE-A929-ACB3DA130677}.Debug|x86.Build.0 = Debug|Win32
		{5BC09D03-4379-46AE-A929-ACB3DA130677}.Release|x64.ActiveCfg = Release|x64
		{5BC09D03-4379-46AE-A929-ACB3DA130677}.Release|x64.Build.0 = Release|x64
		{5BC09D03-4379-46AE-A929-ACB3DA130677}.Release|x86.ActiveCfg = Release|Win32
		{5BC09D03-4379-46AE-A929-ACB3DA130677}.Release|x86.Build.0 = Release|Win32
	EndGlobalSection
	GlobalSection(SolutionProperties) = preSolution
		HideSolutionNode = FALSE
	EndGlobalSection
	GlobalSection(ExtensibilityGlobals) = postSolution
		SolutionGuid = {09E24EC5-0164-4487-8816-D3FCA77178F0}
	EndGlobalSection
EndGlobal
